hash: 5ba4723eaf9f0a9a7c955c19c143d7da2b62f6170ede92d6bd58324cfd6c6fc9
updated: 2017-07-26T22:21:34.520744656+02:00
imports:
- name: github.com/bradfitz/gomemcache
  version: 1952afaa557dc08e8e0d89eafab110fb501c1a2b
  subpackages:
  - memcache
- name: github.com/certifi/gocertifi
  version: a9c833d2837d3b16888d55d5aafa9ffe9afb22b0
- name: github.com/denisenkom/go-mssqldb
  version: f77039e4e9bc788cb0406a666f410abee0ca1580
- name: github.com/dhowden/tag
  version: 9edd38ca5d10eb571b767a3b07d80087086b61ed
- name: github.com/dustin/go-humanize
  version: 259d2a102b871d17f30e3cd9881a642961a1e486
- name: github.com/fatih/color
  version: 62e9147c64a1ed519147b62a56a14e83e2be02c1
- name: github.com/garyburd/redigo
  version: 95d11dba2d44531bdb8022752b98912baafae03a
  subpackages:
  - internal
  - redis
- name: github.com/getsentry/raven-go
  version: 4fa2ac0d29f801e79a063c0da82d37b5ff2873b2
- name: github.com/go-macaron/binding
  version: 1513c901915731e941815f60ede6a9c21c69a550
- name: github.com/go-macaron/cache
  version: 56173531277692bc2925924d51fda1cd0a6b8178
- name: github.com/go-macaron/csrf
  version: 428b7c62d7d0034b048b1cd43ba60d87857f5253
- name: github.com/go-macaron/i18n
  version: ef57533c3b0fc2d8581deda14937e52f11a203ab
- name: github.com/go-macaron/inject
  version: d8a0b8677191f4380287cfebd08e462217bac7ad
- name: github.com/go-macaron/session
  version: b8e286a0dba8f4999042d6b258daf51b31d08938
- name: github.com/go-macaron/toolbox
  version: 6766b8f16d1b135b250f09ba4dc4e24ab65b1107
- name: github.com/go-sql-driver/mysql
  version: a0583e0143b1624142adab07e0e97fe106d99561
- name: github.com/go-testfixtures/testfixtures
  version: c436304eb1a52ddc030e8f6f939a881c5b0dfe5f
- name: github.com/go-xorm/builder
  version: c8871c857d2555fbfbd8524f895be5386d3d8836
- name: github.com/go-xorm/core
  version: 5bf745d7d163f4380e6c2bba8c4afa60534dd087
- name: github.com/go-xorm/xorm
  version: 3c8314e91603f0bfa6a228c1a0fea8a9e298f6d9
- name: github.com/gogits/cron
  version: c803a08f3bd6f5d5f0281e5ef6a5e09b28488ed7
- name: github.com/gosimple/slug
  version: e756f2ec7e1e59e2ef20938fac5e677842641777
- name: github.com/jaytaylor/html2text
  version: 7c7a33a7a158a5ce395c803d2b6a209b2bbc14c8
- name: github.com/kelseyhightower/envconfig
  version: 70f0258d44cbaa3b6a2581d82f58da01a38e4de4
- name: github.com/krig/go-sox
  version: 875901c9b7fa706bc17c59afd07681edfe32ca6e
- name: github.com/lib/pq
  version: 91f10e40ba0dd2d0bf9f93ec1d4077711a78df88
  subpackages:
  - oid
- name: github.com/mattn/go-colorable
  version: 5411d3eea5978e6cdc258b30de592b60df6aba96
  repo: https://github.com/mattn/go-colorable
- name: github.com/mattn/go-isatty
  version: 57fdcb988a5c543893cc61bce354a6e24ab70022
  repo: https://github.com/mattn/go-isatty
- name: github.com/mattn/go-runewidth
  version: 97311d9f7767e3d6f422ea06661bc2c7a19e8a5d
- name: github.com/mattn/go-sqlite3
  version: ca5e3819723d8eeaf170ad510e7da1d6d2e94a08
- name: github.com/microcosm-cc/bluemonday
  version: e79763773ab6222ca1d5a7cbd9d62d83c1f77081
- name: github.com/olekukonko/tablewriter
  version: febf2d34b54a69ce7530036c7503b1c9fbfdf0bb
- name: github.com/rainycape/unidecode
  version: cb7f23ec59bec0d61b19c56cd88cee3d0cc1870c
- name: github.com/rakyll/magicmime
  version: 9b99294d6b2216897632b9734769d8ce4568681e
- name: github.com/RichardKnop/logging
  version: 0745ebe7cc826d7d0453c7c9f08ea75a7fe86f7b
- name: github.com/RichardKnop/machinery
  version: c42d92ff7e860f492d8e62c11cb96911942cece8
  subpackages:
  - v1
  - v1/backends
  - v1/brokers
  - v1/common
  - v1/config
  - v1/log
  - v1/retry
  - v1/tasks
- name: github.com/russross/blackfriday
  version: 0b647d0506a698cca42caca173e55559b12a69f2
- name: github.com/satori/go.uuid
  version: 5bf94b69c6b68ee1b541973bb8e1144db23a194b
- name: github.com/shurcooL/sanitized_anchor_name
  version: 541ff5ee47f1dddf6a5281af78307d921524bcb5
- name: github.com/ssor/bom
  version: 6ed919a936d5ab554e4b40bc51f7c522488122c6
- name: github.com/streadway/amqp
  version: dfe15e36048539f4cda41f240b27a5ca25b9cd46
- name: github.com/Unknwon/com
  version: 0db4a625e949e956314d7d1adea9bf82384cc10c
- name: github.com/Unknwon/i18n
  version: 8372b908b5876d26cfa46a85fc4851b981dad102
- name: github.com/Unknwon/paginater
  version: 45e5d631308ea359946e761484147982c978d0df
- name: github.com/urfave/cli
  version: 0bdeddeeb0f650497d603c4ad7b20cfe685682f6
- name: github.com/wtolson/go-taglib
  version: 6e68349ff94ecea412de7e748cb5eaa26f472777
- name: golang.org/x/crypto
  version: e1a4589e7d3ea14a3352255d04b6f1a418845e5e
  subpackages:
  - md4
  - pbkdf2
- name: golang.org/x/net
  version: 3da985ce5951d99de868be4385f21ea6c2b22f24
  subpackages:
  - context
  - html
  - html/atom
- name: golang.org/x/sys
  version: e24f485414aeafb646f6fca458b0bf869c0880a1
  repo: https://go.googlesource.com/sys
  subpackages:
  - unix
- name: golang.org/x/text
  version: 4ee4af566555f5fbe026368b75596286a312663a
  subpackages:
  - internal/tag
  - language
- name: gopkg.in/alexcesaro/quotedprintable.v3
  version: 2caba252f4dc53eaf6b553000885530023f54623
- name: gopkg.in/clog.v1
  version: 8492a6faa632c31ba82f562b53b4a6e5eacf2732
- name: gopkg.in/gomail.v2
  version: 81ebce5c23dfd25c6c67194b37d3dd3f338c98b1
- name: gopkg.in/ini.v1
  version: d3de07a94d22b4a0972deb4b96d790c2c0ce8333
- name: gopkg.in/macaron.v1
  version: a325110f8b392bce3e5cdeb8c44bf98078ada3be
- name: gopkg.in/mgo.v2
  version: 3f83fa5005286a7fe593b055f0d7771a7dce4655
  subpackages:
  - bson
  - internal/json
  - internal/sasl
  - internal/scram
- name: gopkg.in/redsync.v1
  version: 98dabdf1c8574561bf976911c14ff652c47b1ddf
- name: gopkg.in/yaml.v2
  version: cd8b52f8269e0feb286dfeef29f8fe4d5b397e0b
testImports:
- name: github.com/gopherjs/gopherjs
  version: 7cde3d36aea3e1b3be7827c4dcbe6bbae73d012e
  subpackages:
  - js
- name: github.com/jtolds/gls
  version: 77f18212c9c7edc9bd6a33d383a7b545ce62f064
- name: github.com/smartystreets/assertions
  version: 8d53f0381cdc56c7e0f06f4995d21cd04c5a53a8
  subpackages:
  - internal/go-render/render
  - internal/oglematchers
- name: github.com/smartystreets/goconvey
  version: d4c757aa9afd1e2fc1832aaab209b5794eb336e1
  subpackages:
  - convey
  - convey/gotest
  - convey/reporting
