# This file is autogenerated, do not edit; changes may be undone by the next 'dep ensure'.


[[projects]]
  name = "github.com/PuerkitoBio/goquery"
  packages = ["."]
  revision = "e1271ee34c6a305e38566ecd27ae374944907ee9"
  version = "v1.1.0"

[[projects]]
  name = "github.com/RichardKnop/logging"
  packages = ["."]
  revision = "0745ebe7cc826d7d0453c7c9f08ea75a7fe86f7b"

[[projects]]
  name = "github.com/RichardKnop/machinery"
  packages = ["v1","v1/backends","v1/brokers","v1/common","v1/config","v1/log","v1/retry","v1/tasks"]
  revision = "c42d92ff7e860f492d8e62c11cb96911942cece8"

[[projects]]
  branch = "master"
  name = "github.com/Unknwon/com"
  packages = ["."]
  revision = "0db4a625e949e956314d7d1adea9bf82384cc10c"

[[projects]]
  branch = "master"
  name = "github.com/Unknwon/i18n"
  packages = ["."]
  revision = "8372b908b5876d26cfa46a85fc4851b981dad102"

[[projects]]
  branch = "master"
  name = "github.com/Unknwon/paginater"
  packages = ["."]
  revision = "45e5d631308ea359946e761484147982c978d0df"

[[projects]]
  branch = "master"
  name = "github.com/andybalholm/cascadia"
  packages = ["."]
  revision = "349dd0209470eabd9514242c688c403c0926d266"

[[projects]]
  branch = "master"
  name = "github.com/bradfitz/gomemcache"
  packages = ["memcache"]
  revision = "1952afaa557dc08e8e0d89eafab110fb501c1a2b"

[[projects]]
  name = "github.com/certifi/gocertifi"
  packages = ["."]
  revision = "a9c833d2837d3b16888d55d5aafa9ffe9afb22b0"
  version = "2017.04.17"

[[projects]]
  name = "github.com/davecgh/go-spew"
  packages = ["spew"]
  revision = "6d212800a42e8ab5c146b8ace3490ee17e5225f9"

[[projects]]
  name = "github.com/denisenkom/go-mssqldb"
  packages = ["."]
  revision = "f77039e4e9bc788cb0406a666f410abee0ca1580"

[[projects]]
  name = "github.com/dustin/go-humanize"
  packages = ["."]
  revision = "259d2a102b871d17f30e3cd9881a642961a1e486"

[[projects]]
  name = "github.com/fatih/color"
  packages = ["."]
  revision = "62e9147c64a1ed519147b62a56a14e83e2be02c1"

[[projects]]
  name = "github.com/garyburd/redigo"
  packages = ["internal","redis"]
  revision = "95d11dba2d44531bdb8022752b98912baafae03a"

[[projects]]
  name = "github.com/getsentry/raven-go"
  packages = ["."]
  revision = "4fa2ac0d29f801e79a063c0da82d37b5ff2873b2"

[[projects]]
  name = "github.com/go-macaron/binding"
  packages = ["."]
  revision = "1513c901915731e941815f60ede6a9c21c69a550"

[[projects]]
  branch = "master"
  name = "github.com/go-macaron/cache"
  packages = ["."]
  revision = "56173531277692bc2925924d51fda1cd0a6b8178"

[[projects]]
  branch = "master"
  name = "github.com/go-macaron/csrf"
  packages = ["."]
  revision = "428b7c62d7d0034b048b1cd43ba60d87857f5253"

[[projects]]
  branch = "master"
  name = "github.com/go-macaron/i18n"
  packages = ["."]
  revision = "ef57533c3b0fc2d8581deda14937e52f11a203ab"

[[projects]]
  branch = "master"
  name = "github.com/go-macaron/inject"
  packages = ["."]
  revision = "d8a0b8677191f4380287cfebd08e462217bac7ad"

[[projects]]
  branch = "master"
  name = "github.com/go-macaron/session"
  packages = ["."]
  revision = "b8e286a0dba8f4999042d6b258daf51b31d08938"

[[projects]]
  branch = "master"
  name = "github.com/go-macaron/toolbox"
  packages = ["."]
  revision = "6766b8f16d1b135b250f09ba4dc4e24ab65b1107"

[[projects]]
  name = "github.com/go-sql-driver/mysql"
  packages = ["."]
  revision = "a0583e0143b1624142adab07e0e97fe106d99561"
  version = "v1.3"

[[projects]]
  name = "github.com/go-testfixtures/testfixtures"
  packages = ["."]
  revision = "c436304eb1a52ddc030e8f6f939a881c5b0dfe5f"
  version = "v2.4.1"

[[projects]]
  branch = "master"
  name = "github.com/go-xorm/builder"
  packages = ["."]
  revision = "c8871c857d2555fbfbd8524f895be5386d3d8836"

[[projects]]
  name = "github.com/go-xorm/core"
  packages = ["."]
  revision = "5bf745d7d163f4380e6c2bba8c4afa60534dd087"
  version = "v0.5.6"

[[projects]]
  name = "github.com/go-xorm/xorm"
  packages = ["."]
  revision = "3c8314e91603f0bfa6a228c1a0fea8a9e298f6d9"
  version = "v0.6.2"

[[projects]]
  branch = "master"
  name = "github.com/gogits/cron"
  packages = ["."]
  revision = "c803a08f3bd6f5d5f0281e5ef6a5e09b28488ed7"

[[projects]]
  name = "github.com/gopherjs/gopherjs"
  packages = ["js"]
  revision = "7cde3d36aea3e1b3be7827c4dcbe6bbae73d012e"

[[projects]]
  name = "github.com/gosimple/slug"
  packages = ["."]
  revision = "e756f2ec7e1e59e2ef20938fac5e677842641777"
  version = "v1.1.0"

[[projects]]
  name = "github.com/jaytaylor/html2text"
  packages = ["."]
  revision = "7c7a33a7a158a5ce395c803d2b6a209b2bbc14c8"

[[projects]]
  name = "github.com/jtolds/gls"
  packages = ["."]
  revision = "77f18212c9c7edc9bd6a33d383a7b545ce62f064"
  version = "v4.2.1"

[[projects]]
  name = "github.com/kelseyhightower/envconfig"
  packages = ["."]
  revision = "70f0258d44cbaa3b6a2581d82f58da01a38e4de4"

[[projects]]
  name = "github.com/krig/go-sox"
  packages = ["."]
  revision = "875901c9b7fa706bc17c59afd07681edfe32ca6e"

[[projects]]
  name = "github.com/lib/pq"
  packages = [".","oid"]
  revision = "91f10e40ba0dd2d0bf9f93ec1d4077711a78df88"

[[projects]]
  name = "github.com/mattn/go-colorable"
  packages = ["."]
  revision = "5411d3eea5978e6cdc258b30de592b60df6aba96"

[[projects]]
  name = "github.com/mattn/go-isatty"
  packages = ["."]
  revision = "57fdcb988a5c543893cc61bce354a6e24ab70022"

[[projects]]
  branch = "master"
  name = "github.com/mattn/go-runewidth"
  packages = ["."]
  revision = "97311d9f7767e3d6f422ea06661bc2c7a19e8a5d"

[[projects]]
  name = "github.com/mattn/go-sqlite3"
  packages = ["."]
  revision = "ca5e3819723d8eeaf170ad510e7da1d6d2e94a08"
  version = "v1.2.0"

[[projects]]
  name = "github.com/microcosm-cc/bluemonday"
  packages = ["."]
  revision = "e79763773ab6222ca1d5a7cbd9d62d83c1f77081"

[[projects]]
  name = "github.com/olekukonko/tablewriter"
  packages = ["."]
  revision = "febf2d34b54a69ce7530036c7503b1c9fbfdf0bb"

[[projects]]
  name = "github.com/pmezard/go-difflib"
  packages = ["difflib"]
  revision = "d8ed2627bdf02c080bf22230dbb337003b7aba2d"

[[projects]]
  branch = "master"
  name = "github.com/rainycape/unidecode"
  packages = ["."]
  revision = "cb7f23ec59bec0d61b19c56cd88cee3d0cc1870c"

[[projects]]
  branch = "master"
  name = "github.com/rakyll/magicmime"
  packages = ["."]
  revision = "9b99294d6b2216897632b9734769d8ce4568681e"

[[projects]]
  name = "github.com/russross/blackfriday"
  packages = ["."]
  revision = "0b647d0506a698cca42caca173e55559b12a69f2"
  version = "v1.4"

[[projects]]
  branch = "master"
  name = "github.com/satori/go.uuid"
  packages = ["."]
  revision = "5bf94b69c6b68ee1b541973bb8e1144db23a194b"

[[projects]]
  name = "github.com/shurcooL/sanitized_anchor_name"
  packages = ["."]
  revision = "541ff5ee47f1dddf6a5281af78307d921524bcb5"

[[projects]]
  name = "github.com/smartystreets/assertions"
  packages = [".","internal/go-render/render","internal/oglematchers"]
  revision = "8d53f0381cdc56c7e0f06f4995d21cd04c5a53a8"

[[projects]]
  name = "github.com/smartystreets/goconvey"
  packages = ["convey","convey/gotest","convey/reporting"]
  revision = "d4c757aa9afd1e2fc1832aaab209b5794eb336e1"
  version = "1.6.2"

[[projects]]
  name = "github.com/ssor/bom"
  packages = ["."]
  revision = "6ed919a936d5ab554e4b40bc51f7c522488122c6"

[[projects]]
  name = "github.com/streadway/amqp"
  packages = ["."]
  revision = "dfe15e36048539f4cda41f240b27a5ca25b9cd46"

[[projects]]
  name = "github.com/stretchr/testify"
  packages = ["assert"]
  revision = "69483b4bd14f5845b5a1e55bca19e954e827f1d0"
  version = "v1.1.4"

[[projects]]
  name = "github.com/urfave/cli"
  packages = ["."]
  revision = "0bdeddeeb0f650497d603c4ad7b20cfe685682f6"
  version = "v1.19.1"

[[projects]]
  branch = "master"
  name = "github.com/wtolson/go-taglib"
  packages = ["."]
  revision = "6e68349ff94ecea412de7e748cb5eaa26f472777"

[[projects]]
  name = "golang.org/x/crypto"
  packages = ["md4","pbkdf2"]
  revision = "e1a4589e7d3ea14a3352255d04b6f1a418845e5e"

[[projects]]
  name = "golang.org/x/net"
  packages = ["context","html","html/atom"]
  revision = "3da985ce5951d99de868be4385f21ea6c2b22f24"

[[projects]]
  name = "golang.org/x/sys"
  packages = ["unix"]
  revision = "e24f485414aeafb646f6fca458b0bf869c0880a1"

[[projects]]
  name = "golang.org/x/text"
  packages = ["internal/gen","internal/tag","language","unicode/cldr"]
  revision = "4ee4af566555f5fbe026368b75596286a312663a"

[[projects]]
  branch = "v3"
  name = "gopkg.in/alexcesaro/quotedprintable.v3"
  packages = ["."]
  revision = "2caba252f4dc53eaf6b553000885530023f54623"

[[projects]]
  name = "gopkg.in/clog.v1"
  packages = ["."]
  revision = "8492a6faa632c31ba82f562b53b4a6e5eacf2732"
  version = "v1.1.1"

[[projects]]
  branch = "v2"
  name = "gopkg.in/gomail.v2"
  packages = ["."]
  revision = "81ebce5c23dfd25c6c67194b37d3dd3f338c98b1"

[[projects]]
  name = "gopkg.in/ini.v1"
  packages = ["."]
  revision = "d3de07a94d22b4a0972deb4b96d790c2c0ce8333"
  version = "v1.28.0"

[[projects]]
  name = "gopkg.in/macaron.v1"
  packages = ["."]
  revision = "a325110f8b392bce3e5cdeb8c44bf98078ada3be"
  version = "v1.2.1"

[[projects]]
  branch = "v2"
  name = "gopkg.in/mgo.v2"
  packages = [".","bson","internal/json","internal/sasl","internal/scram"]
  revision = "3f83fa5005286a7fe593b055f0d7771a7dce4655"

[[projects]]
  name = "gopkg.in/redsync.v1"
  packages = ["."]
  revision = "98dabdf1c8574561bf976911c14ff652c47b1ddf"
  version = "v1.0.1"

[[projects]]
  name = "gopkg.in/yaml.v2"
  packages = ["."]
  revision = "cd8b52f8269e0feb286dfeef29f8fe4d5b397e0b"

[solve-meta]
  analyzer-name = "dep"
  analyzer-version = 1
  inputs-digest = "46e2501ddecb5cfdd5080ae804f1e845d95b1b65143c47ce65d5c764f86da98b"
  solver-name = "gps-cdcl"
  solver-version = 1
